
Microsoft Visual Studio Solution File, Format Version 12.00
# Visual Studio Version 16
VisualStudioVersion = 16.0.28729.10
MinimumVisualStudioVersion = 10.0.40219.1
Project("{9A19103F-16F7-4668-BE54-9A1E7A4F7556}") = "Ticketing System", "Ticketing System\Ticketing System.csproj", "{D6F4193C-4128-4797-AE4A-660E7CFDE622}"
EndProject
Project("{FAE04EC0-301F-11D3-BF4B-00C04F79EFBC}") = "TicketingSystem.DAL", "TicketingSystem.DAL\TicketingSystem.DAL.csproj", "{DBD424F7-8864-41E5-9349-2A7492826BA7}"
EndProject
Project("{FAE04EC0-301F-11D3-BF4B-00C04F79EFBC}") = "TicketingSystem.BLL", "TicketingSystem.BLL\TicketingSystem.BLL.csproj", "{E05D0539-9DBD-4733-8521-5545276439B2}"
EndProject
Project("{FAE04EC0-301F-11D3-BF4B-00C04F79EFBC}") = "TicketingSystem.ViewModel", "TicketingSystem.ViewModel\TicketingSystem.ViewModel.csproj", "{6084DE62-C8F6-428F-BEE0-4B5CC2E10119}"
EndProject
Global
	GlobalSection(SolutionConfigurationPlatforms) = preSolution
		Debug|Any CPU = Debug|Any CPU
		Release|Any CPU = Release|Any CPU
	EndGlobalSection
	GlobalSection(ProjectConfigurationPlatforms) = postSolution
		{D6F4193C-4128-4797-AE4A-660E7CFDE622}.Debug|Any CPU.ActiveCfg = Debug|Any CPU
		{D6F4193C-4128-4797-AE4A-660E7CFDE622}.Debug|Any CPU.Build.0 = Debug|Any CPU
		{D6F4193C-4128-4797-AE4A-660E7CFDE622}.Release|Any CPU.ActiveCfg = Release|Any CPU
		{D6F4193C-4128-4797-AE4A-660E7CFDE622}.Release|Any CPU.Build.0 = Release|Any CPU
		{DBD424F7-8864-41E5-9349-2A7492826BA7}.Debug|Any CPU.ActiveCfg = Debug|Any CPU
		{DBD424F7-8864-41E5-9349-2A7492826BA7}.Debug|Any CPU.Build.0 = Debug|Any CPU
		{DBD424F7-8864-41E5-9349-2A7492826BA7}.Release|Any CPU.ActiveCfg = Release|Any CPU
		{DBD424F7-8864-41E5-9349-2A7492826BA7}.Release|Any CPU.Build.0 = Release|Any CPU
		{E05D0539-9DBD-4733-8521-5545276439B2}.Debug|Any CPU.ActiveCfg = Debug|Any CPU
		{E05D0539-9DBD-4733-8521-5545276439B2}.Debug|Any CPU.Build.0 = Debug|Any CPU
		{E05D0539-9DBD-4733-8521-5545276439B2}.Release|Any CPU.ActiveCfg = Release|Any CPU
		{E05D0539-9DBD-4733-8521-5545276439B2}.Release|Any CPU.Build.0 = Release|Any CPU
		{6084DE62-C8F6-428F-BEE0-4B5CC2E10119}.Debug|Any CPU.ActiveCfg = Debug|Any CPU
		{6084DE62-C8F6-428F-BEE0-4B5CC2E10119}.Debug|Any CPU.Build.0 = Debug|Any CPU
		{6084DE62-C8F6-428F-BEE0-4B5CC2E10119}.Release|Any CPU.ActiveCfg = Release|Any CPU
		{6084DE62-C8F6-428F-BEE0-4B5CC2E10119}.Release|Any CPU.Build.0 = Release|Any CPU
	EndGlobalSection
	GlobalSection(SolutionProperties) = preSolution
		HideSolutionNode = FALSE
	EndGlobalSection
	GlobalSection(ExtensibilityGlobals) = postSolution
		SolutionGuid = {DC5B0F30-595D-4CC0-A0A7-620310259D7E}
	EndGlobalSection
EndGlobal
